{
  "name": "CodeSwitchReader",
  "lockfileVersion": 3,
  "requires": true,
  "packages": {
    "": {
      "dependencies": {
        "ingglish": "^0.1.1"
      }
    },
    "node_modules/@ingglish/dictionary": {
      "version": "0.1.1",
      "resolved": "https://registry.npmjs.org/@ingglish/dictionary/-/dictionary-0.1.1.tgz",
      "integrity": "sha512-Q+iqLhvW3VdaMcgOVm9npveVCHNrbsSF/QcklO/PxW9FdwJtYXi6bmPkoAfeepU6W6njCZhKXwtYUkuAamyw6Q==",
      "license": "MIT",
      "dependencies": {
        "@ingglish/phonemes": "^0.1.0",
        "subtlex-word-frequencies": "^2.0.0"
      },
      "engines": {
        "node": ">=16"
      }
    },
    "node_modules/@ingglish/fallback": {
      "version": "0.1.1",
      "resolved": "https://registry.npmjs.org/@ingglish/fallback/-/fallback-0.1.1.tgz",
      "integrity": "sha512-DVqgh2817Zkh2n1gHO3HaDJq4btYYH10KjMGlwD+Q1q3Dn0U84bKNhlp3p339cM3qNuTWpYfSzSF4T3uSACrpg==",
      "license": "MIT",
      "dependencies": {
        "@ingglish/dictionary": "^0.1.0",
        "@ingglish/g2p": "^0.1.0",
        "@ingglish/ipa": "^0.1.0",
        "@ingglish/phonemes": "^0.1.0"
      },
      "engines": {
        "node": ">=16"
      }
    },
    "node_modules/@ingglish/g2p": {
      "version": "0.1.1",
      "resolved": "https://registry.npmjs.org/@ingglish/g2p/-/g2p-0.1.1.tgz",
      "integrity": "sha512-zwD3YCVICm3LFeIuaZxO1+3F7bJOIcJbTmI6jmg19A18fYuP7IbuhgmzUimOgkyo19O/OWnNk+PeIPeb5Kawrw==",
      "license": "MIT",
      "dependencies": {
        "@ingglish/phonemes": "^0.1.0"
      },
      "engines": {
        "node": ">=16"
      }
    },
    "node_modules/@ingglish/ipa": {
      "version": "0.1.1",
      "resolved": "https://registry.npmjs.org/@ingglish/ipa/-/ipa-0.1.1.tgz",
      "integrity": "sha512-S80LquG48jZBDcC21ndsihnsBcP/vONT9g/5iq+YEsaPpUGKhoK5hEXqb8gXEzWShmdadyXHUgEaTUITWWm5Cw==",
      "license": "MIT",
      "dependencies": {
        "@ingglish/normalize": "^0.1.0",
        "@ingglish/phonemes": "^0.1.0"
      },
      "engines": {
        "node": ">=16"
      }
    },
    "node_modules/@ingglish/normalize": {
      "version": "0.1.1",
      "resolved": "https://registry.npmjs.org/@ingglish/normalize/-/normalize-0.1.1.tgz",
      "integrity": "sha512-qcI0AJzTFpG2ZMFIHbBVD9x6gXOEGWkA4QwmmbEuDSDp7DrcTGR8H6fVqg2gKWqxXyNWkqqsbdi9tF3i4m3Bnw==",
      "license": "MIT",
      "engines": {
        "node": ">=16"
      }
    },
    "node_modules/@ingglish/phonemes": {
      "version": "0.1.1",
      "resolved": "https://registry.npmjs.org/@ingglish/phonemes/-/phonemes-0.1.1.tgz",
      "integrity": "sha512-LLxg5q1bG8FLI9LzeVH1p4Lh+g3pBudIyugQczpemTrj6laOE/NKcfCExcCmz+EWTPNUqSsDvMTMOuUuzcnerw==",
      "license": "MIT",
      "engines": {
        "node": ">=16"
      }
    },
    "node_modules/ingglish": {
      "version": "0.1.1",
      "resolved": "https://registry.npmjs.org/ingglish/-/ingglish-0.1.1.tgz",
      "integrity": "sha512-XwUlaSdsejVQnrlEm2fnivlAGpj4c3tH/zaceELJ7MXYwWGrgd3WQZlQvJtlTcqgdLyIO3twxHQ3GLTAQzJv3Q==",
      "license": "MIT",
      "dependencies": {
        "@ingglish/dictionary": "^0.1.0",
        "@ingglish/fallback": "^0.1.0",
        "@ingglish/g2p": "^0.1.0",
        "@ingglish/ipa": "^0.1.0",
        "@ingglish/normalize": "^0.1.0",
        "@ingglish/phonemes": "^0.1.0"
      },
      "engines": {
        "node": ">=16"
      }
    },
    "node_modules/subtlex-word-frequencies": {
      "version": "2.0.0",
      "resolved": "https://registry.npmjs.org/subtlex-word-frequencies/-/subtlex-word-frequencies-2.0.0.tgz",
      "integrity": "sha512-N/8uDDV4zD+PZNOCKvhBfOfSQo2CAKb/icKRsWQpRBNw9nh0Pt+Pt/fQIRaEpaawVIPSlyTekf9zHX/zQi0+Yg==",
      "license": "ISC"
    }
  }
}
